// !$*UTF8*$!
{
	archiveVersion = 1;
	classes = {
	};
	objectVersion = 48;
	objects = {

/* Begin PBXBuildFile section */
		5942788C2022FB3D00E18B87 /* CoreDataTesting.xcdatamodeld in Sources */ = {isa = PBXBuildFile; fileRef = 5942788A2022FB3D00E18B87 /* CoreDataTesting.xcdatamodeld */; };
		594278902022FFD800E18B87 /* Item.swift in Sources */ = {isa = PBXBuildFile; fileRef = 5942788F2022FFD800E18B87 /* Item.swift */; };
		594278922022FFE400E18B87 /* Category.swift in Sources */ = {isa = PBXBuildFile; fileRef = 594278912022FFE400E18B87 /* Category.swift */; };
		59EF59442021985900C829A1 /* CategoryListingTableViewController.swift in Sources */ = {isa = PBXBuildFile; fileRef = 59EF59422021985900C829A1 /* CategoryListingTableViewController.swift */; };
		59EF59452021985900C829A1 /* ItemsListingTableViewController.swift in Sources */ = {isa = PBXBuildFile; fileRef = 59EF59432021985900C829A1 /* ItemsListingTableViewController.swift */; };
		D092148E20126D8B00332C0D /* AppDelegate.swift in Sources */ = {isa = PBXBuildFile; fileRef = D092148D20126D8B00332C0D /* AppDelegate.swift */; };
		D092149320126D8B00332C0D /* Main.storyboard in Resources */ = {isa = PBXBuildFile; fileRef = D092149120126D8B00332C0D /* Main.storyboard */; };
		D092149520126D8B00332C0D /* Assets.xcassets in Resources */ = {isa = PBXBuildFile; fileRef = D092149420126D8B00332C0D /* Assets.xcassets */; };
		D092149820126D8B00332C0D /* LaunchScreen.storyboard in Resources */ = {isa = PBXBuildFile; fileRef = D092149620126D8B00332C0D /* LaunchScreen.storyboard */; };
		D0DE3505202DFDA8000B15FA /* SwipeTableViewController.swift in Sources */ = {isa = PBXBuildFile; fileRef = D0DE3504202DFDA8000B15FA /* SwipeTableViewController.swift */; };
		D21F16AA12E19DE7EE970651 /* Pods_Todoey.framework in Frameworks */ = {isa = PBXBuildFile; fileRef = 53021B4928F19B86C821AA53 /* Pods_Todoey.framework */; };
/* End PBXBuildFile section */

/* Begin PBXFileReference section */
		237CF7F0E1F0C32DB97A1942 /* Pods-Todoey.release.xcconfig */ = {isa = PBXFileReference; includeInIndex = 1; lastKnownFileType = text.xcconfig; name = "Pods-Todoey.release.xcconfig"; path = "Pods/Target Support Files/Pods-Todoey/Pods-Todoey.release.xcconfig"; sourceTree = "<group>"; };
		53021B4928F19B86C821AA53 /* Pods_Todoey.framework */ = {isa = PBXFileReference; explicitFileType = wrapper.framework; includeInIndex = 0; path = Pods_Todoey.framework; sourceTree = BUILT_PRODUCTS_DIR; };
		5942788B2022FB3D00E18B87 /* CoreDataTesting.xcdatamodel */ = {isa = PBXFileReference; lastKnownFileType = wrapper.xcdatamodel; path = CoreDataTesting.xcdatamodel; sourceTree = "<group>"; };
		5942788F2022FFD800E18B87 /* Item.swift */ = {isa = PBXFileReference; lastKnownFileType = sourcecode.swift; path = Item.swift; sourceTree = "<group>"; };
		594278912022FFE400E18B87 /* Category.swift */ = {isa = PBXFileReference; lastKnownFileType = sourcecode.swift; path = Category.swift; sourceTree = "<group>"; };
		59EF59422021985900C829A1 /* CategoryListingTableViewController.swift */ = {isa = PBXFileReference; fileEncoding = 4; lastKnownFileType = sourcecode.swift; path = CategoryListingTableViewController.swift; sourceTree = "<group>"; };
		59EF59432021985900C829A1 /* ItemsListingTableViewController.swift */ = {isa = PBXFileReference; fileEncoding = 4; lastKnownFileType = sourcecode.swift; path = ItemsListingTableViewController.swift; sourceTree = "<group>"; };
		6A624213B46454B947D054E4 /* Pods-Todoey.debug.xcconfig */ = {isa = PBXFileReference; includeInIndex = 1; lastKnownFileType = text.xcconfig; name = "Pods-Todoey.debug.xcconfig"; path = "Pods/Target Support Files/Pods-Todoey/Pods-Todoey.debug.xcconfig"; sourceTree = "<group>"; };
		D092148A20126D8B00332C0D /* Todoey.app */ = {isa = PBXFileReference; explicitFileType = wrapper.application; includeInIndex = 0; path = Todoey.app; sourceTree = BUILT_PRODUCTS_DIR; };
		D092148D20126D8B00332C0D /* AppDelegate.swift */ = {isa = PBXFileReference; lastKnownFileType = sourcecode.swift; path = AppDelegate.swift; sourceTree = "<group>"; };
		D092149220126D8B00332C0D /* Base */ = {isa = PBXFileReference; lastKnownFileType = file.storyboard; name = Base; path = Base.lproj/Main.storyboard; sourceTree = "<group>"; };
		D092149420126D8B00332C0D /* Assets.xcassets */ = {isa = PBXFileReference; lastKnownFileType = folder.assetcatalog; path = Assets.xcassets; sourceTree = "<group>"; };
		D092149720126D8B00332C0D /* Base */ = {isa = PBXFileReference; lastKnownFileType = file.storyboard; name = Base; path = Base.lproj/LaunchScreen.storyboard; sourceTree = "<group>"; };
		D092149920126D8B00332C0D /* Info.plist */ = {isa = PBXFileReference; lastKnownFileType = text.plist.xml; path = Info.plist; sourceTree = "<group>"; };
		D0DE3504202DFDA8000B15FA /* SwipeTableViewController.swift */ = {isa = PBXFileReference; lastKnownFileType = sourcecode.swift; path = SwipeTableViewController.swift; sourceTree = "<group>"; };
/* End PBXFileReference section */

/* Begin PBXFrameworksBuildPhase section */
		D092148720126D8B00332C0D /* Frameworks */ = {
			isa = PBXFrameworksBuildPhase;
			buildActionMask = 2147483647;
			files = (
				D21F16AA12E19DE7EE970651 /* Pods_Todoey.framework in Frameworks */,
			);
			runOnlyForDeploymentPostprocessing = 0;
		};
/* End PBXFrameworksBuildPhase section */

/* Begin PBXGroup section */
		3F37D579A9BC8D52F529A7A3 /* Pods */ = {
			isa = PBXGroup;
			children = (
				6A624213B46454B947D054E4 /* Pods-Todoey.debug.xcconfig */,
				237CF7F0E1F0C32DB97A1942 /* Pods-Todoey.release.xcconfig */,
			);
			name = Pods;
			sourceTree = "<group>";
		};
		B9894D4CF293F6AC7828A615 /* Frameworks */ = {
			isa = PBXGroup;
			children = (
				53021B4928F19B86C821AA53 /* Pods_Todoey.framework */,
			);
			name = Frameworks;
			sourceTree = "<group>";
		};
		D092148120126D8B00332C0D = {
			isa = PBXGroup;
			children = (
				D092148C20126D8B00332C0D /* Todoey */,
				D092148B20126D8B00332C0D /* Products */,
				3F37D579A9BC8D52F529A7A3 /* Pods */,
				B9894D4CF293F6AC7828A615 /* Frameworks */,
			);
			sourceTree = "<group>";
		};
		D092148B20126D8B00332C0D /* Products */ = {
			isa = PBXGroup;
			children = (
				D092148A20126D8B00332C0D /* Todoey.app */,
			);
			name = Products;
			sourceTree = "<group>";
		};
		D092148C20126D8B00332C0D /* Todoey */ = {
			isa = PBXGroup;
			children = (
				D092148D20126D8B00332C0D /* AppDelegate.swift */,
				D0DE3504202DFDA8000B15FA /* SwipeTableViewController.swift */,
				59EF59422021985900C829A1 /* CategoryListingTableViewController.swift */,
				59EF59432021985900C829A1 /* ItemsListingTableViewController.swift */,
				D092149120126D8B00332C0D /* Main.storyboard */,
				D092149420126D8B00332C0D /* Assets.xcassets */,
				D092149620126D8B00332C0D /* LaunchScreen.storyboard */,
				D092149920126D8B00332C0D /* Info.plist */,
				5942788A2022FB3D00E18B87 /* CoreDataTesting.xcdatamodeld */,
				594278912022FFE400E18B87 /* Category.swift */,
				5942788F2022FFD800E18B87 /* Item.swift */,
			);
			path = Todoey;
			sourceTree = "<group>";
		};
/* End PBXGroup section */

/* Begin PBXNativeTarget section */
		D092148920126D8B00332C0D /* Todoey */ = {
			isa = PBXNativeTarget;
			buildConfigurationList = D092149C20126D8B00332C0D /* Build configuration list for PBXNativeTarget "Todoey" */;
			buildPhases = (
				F323462C10CCDE41EDBC81C2 /* [CP] Check Pods Manifest.lock */,
				D092148620126D8B00332C0D /* Sources */,
				D092148720126D8B00332C0D /* Frameworks */,
				D092148820126D8B00332C0D /* Resources */,
				9DF8E82161F27F0590350C5E /* [CP] Embed Pods Frameworks */,
				3C1EA5DDA54FCFC505E78C76 /* [CP] Copy Pods Resources */,
			);
			buildRules = (
			);
			dependencies = (
			);
			name = Todoey;
			productName = Todoey;
			productReference = D092148A20126D8B00332C0D /* Todoey.app */;
			productType = "com.apple.product-type.application";
		};
/* End PBXNativeTarget section */

/* Begin PBXProject section */
		D092148220126D8B00332C0D /* Project object */ = {
			isa = PBXProject;
			attributes = {
				LastSwiftUpdateCheck = 0920;
				LastUpgradeCheck = 0920;
				ORGANIZATIONNAME = "Faraz Haider";
				TargetAttributes = {
					D092148920126D8B00332C0D = {
						CreatedOnToolsVersion = 9.2;
						ProvisioningStyle = Automatic;
					};
				};
			};
			buildConfigurationList = D092148520126D8B00332C0D /* Build configuration list for PBXProject "Todoey" */;
			compatibilityVersion = "Xcode 8.0";
			developmentRegion = en;
			hasScannedForEncodings = 0;
			knownRegions = (
				en,
				Base,
			);
			mainGroup = D092148120126D8B00332C0D;
			productRefGroup = D092148B20126D8B00332C0D /* Products */;
			projectDirPath = "";
			projectRoot = "";
			targets = (
				D092148920126D8B00332C0D /* Todoey */,
			);
		};
/* End PBXProject section */

/* Begin PBXResourcesBuildPhase section */
		D092148820126D8B00332C0D /* Resources */ = {
			isa = PBXResourcesBuildPhase;
			buildActionMask = 2147483647;
			files = (
				D092149820126D8B00332C0D /* LaunchScreen.storyboard in Resources */,
				D092149520126D8B00332C0D /* Assets.xcassets in Resources */,
				D092149320126D8B00332C0D /* Main.storyboard in Resources */,
			);
			runOnlyForDeploymentPostprocessing = 0;
		};
/* End PBXResourcesBuildPhase section */

/* Begin PBXShellScriptBuildPhase section */
		3C1EA5DDA54FCFC505E78C76 /* [CP] Copy Pods Resources */ = {
			isa = PBXShellScriptBuildPhase;
			buildActionMask = 2147483647;
			files = (
			);
			inputPaths = (
			);
			name = "[CP] Copy Pods Resources";
			outputPaths = (
			);
			runOnlyForDeploymentPostprocessing = 0;
			shellPath = /bin/sh;
			shellScript = "\"${SRCROOT}/Pods/Target Support Files/Pods-Todoey/Pods-Todoey-resources.sh\"\n";
			showEnvVarsInLog = 0;
		};
		9DF8E82161F27F0590350C5E /* [CP] Embed Pods Frameworks */ = {
			isa = PBXShellScriptBuildPhase;
			buildActionMask = 2147483647;
			files = (
			);
			inputPaths = (
				"${SRCROOT}/Pods/Target Support Files/Pods-Todoey/Pods-Todoey-frameworks.sh",
				"${BUILT_PRODUCTS_DIR}/ChameleonFramework/ChameleonFramework.framework",
				"${BUILT_PRODUCTS_DIR}/Realm/Realm.framework",
				"${BUILT_PRODUCTS_DIR}/RealmSwift/RealmSwift.framework",
				"${BUILT_PRODUCTS_DIR}/SwipeCellKit/SwipeCellKit.framework",
			);
			name = "[CP] Embed Pods Frameworks";
			outputPaths = (
				"${TARGET_BUILD_DIR}/${FRAMEWORKS_FOLDER_PATH}/ChameleonFramework.framework",
				"${TARGET_BUILD_DIR}/${FRAMEWORKS_FOLDER_PATH}/Realm.framework",
				"${TARGET_BUILD_DIR}/${FRAMEWORKS_FOLDER_PATH}/RealmSwift.framework",
				"${TARGET_BUILD_DIR}/${FRAMEWORKS_FOLDER_PATH}/SwipeCellKit.framework",
			);
			runOnlyForDeploymentPostprocessing = 0;
			shellPath = /bin/sh;
			shellScript = "\"${SRCROOT}/Pods/Target Support Files/Pods-Todoey/Pods-Todoey-frameworks.sh\"\n";
			showEnvVarsInLog = 0;
		};
		F323462C10CCDE41EDBC81C2 /* [CP] Check Pods Manifest.lock */ = {
			isa = PBXShellScriptBuildPhase;
			buildActionMask = 2147483647;
			files = (
			);
			inputPaths = (
				"${PODS_PODFILE_DIR_PATH}/Podfile.lock",
				"${PODS_ROOT}/Manifest.lock",
			);
			name = "[CP] Check Pods Manifest.lock";
			outputPaths = (
				"$(DERIVED_FILE_DIR)/Pods-Todoey-checkManifestLockResult.txt",
			);
			runOnlyForDeploymentPostprocessing = 0;
			shellPath = /bin/sh;
			shellScript = "diff \"${PODS_PODFILE_DIR_PATH}/Podfile.lock\" \"${PODS_ROOT}/Manifest.lock\" > /dev/null\nif [ $? != 0 ] ; then\n    # print error to STDERR\n    echo \"error: The sandbox is not in sync with the Podfile.lock. Run 'pod install' or update your CocoaPods installation.\" >&2\n    exit 1\nfi\n# This output is used by Xcode 'outputs' to avoid re-running this script phase.\necho \"SUCCESS\" > \"${SCRIPT_OUTPUT_FILE_0}\"\n";
			showEnvVarsInLog = 0;
		};
/* End PBXShellScriptBuildPhase section */

/* Begin PBXSourcesBuildPhase section */
		D092148620126D8B00332C0D /* Sources */ = {
			isa = PBXSourcesBuildPhase;
			buildActionMask = 2147483647;
			files = (
				594278902022FFD800E18B87 /* Item.swift in Sources */,
				D092148E20126D8B00332C0D /* AppDelegate.swift in Sources */,
				5942788C2022FB3D00E18B87 /* CoreDataTesting.xcdatamodeld in Sources */,
				D0DE3505202DFDA8000B15FA /* SwipeTableViewController.swift in Sources */,
				59EF59442021985900C829A1 /* CategoryListingTableViewController.swift in Sources */,
				59EF59452021985900C829A1 /* ItemsListingTableViewController.swift in Sources */,
				594278922022FFE400E18B87 /* Category.swift in Sources */,
			);
			runOnlyForDeploymentPostprocessing = 0;
		};
/* End PBXSourcesBuildPhase section */

/* Begin PBXVariantGroup section */
		D092149120126D8B00332C0D /* Main.storyboard */ = {
			isa = PBXVariantGroup;
			children = (
				D092149220126D8B00332C0D /* Base */,
			);
			name = Main.storyboard;
			sourceTree = "<group>";
		};
		D092149620126D8B00332C0D /* LaunchScreen.storyboard */ = {
			isa = PBXVariantGroup;
			children = (
				D092149720126D8B00332C0D /* Base */,
			);
			name = LaunchScreen.storyboard;
			sourceTree = "<group>";
		};
/* End PBXVariantGroup section */

/* Begin XCBuildConfiguration section */
		D092149A20126D8B00332C0D /* Debug */ = {
			isa = XCBuildConfiguration;
			buildSettings = {
				ALWAYS_SEARCH_USER_PATHS = NO;
				CLANG_ANALYZER_NONNULL = YES;
				CLANG_ANALYZER_NUMBER_OBJECT_CONVERSION = YES_AGGRESSIVE;
				CLANG_CXX_LANGUAGE_STANDARD = "gnu++14";
				CLANG_CXX_LIBRARY = "libc++";
				CLANG_ENABLE_MODULES = YES;
				CLANG_ENABLE_OBJC_ARC = YES;
				CLANG_WARN_BLOCK_CAPTURE_AUTORELEASING = YES;
				CLANG_WARN_BOOL_CONVERSION = YES;
				CLANG_WARN_COMMA = YES;
				CLANG_WARN_CONSTANT_CONVERSION = YES;
				CLANG_WARN_DIRECT_OBJC_ISA_USAGE = YES_ERROR;
				CLANG_WARN_DOCUMENTATION_COMMENTS = YES;
				CLANG_WARN_EMPTY_BODY = YES;
				CLANG_WARN_ENUM_CONVERSION = YES;
				CLANG_WARN_INFINITE_RECURSION = YES;
				CLANG_WARN_INT_CONVERSION = YES;
				CLANG_WARN_NON_LITERAL_NULL_CONVERSION = YES;
				CLANG_WARN_OBJC_LITERAL_CONVERSION = YES;
				CLANG_WARN_OBJC_ROOT_CLASS = YES_ERROR;
				CLANG_WARN_RANGE_LOOP_ANALYSIS = YES;
				CLANG_WARN_STRICT_PROTOTYPES = YES;
				CLANG_WARN_SUSPICIOUS_MOVE = YES;
				CLANG_WARN_UNGUARDED_AVAILABILITY = YES_AGGRESSIVE;
				CLANG_WARN_UNREACHABLE_CODE = YES;
				CLANG_WARN__DUPLICATE_METHOD_MATCH = YES;
				CODE_SIGN_IDENTITY = "iPhone Developer";
				COPY_PHASE_STRIP = NO;
				DEBUG_INFORMATION_FORMAT = dwarf;
				ENABLE_STRICT_OBJC_MSGSEND = YES;
				ENABLE_TESTABILITY = YES;
				GCC_C_LANGUAGE_STANDARD = gnu11;
				GCC_DYNAMIC_NO_PIC = NO;
				GCC_NO_COMMON_BLOCKS = YES;
				GCC_OPTIMIZATION_LEVEL = 0;
				GCC_PREPROCESSOR_DEFINITIONS = (
					"DEBUG=1",
					"$(inherited)",
				);
				GCC_WARN_64_TO_32_BIT_CONVERSION = YES;
				GCC_WARN_ABOUT_RETURN_TYPE = YES_ERROR;
				GCC_WARN_UNDECLARED_SELECTOR = YES;
				GCC_WARN_UNINITIALIZED_AUTOS = YES_AGGRESSIVE;
				GCC_WARN_UNUSED_FUNCTION = YES;
				GCC_WARN_UNUSED_VARIABLE = YES;
				IPHONEOS_DEPLOYMENT_TARGET = 11.2;
				MTL_ENABLE_DEBUG_INFO = YES;
				ONLY_ACTIVE_ARCH = YES;
				SDKROOT = iphoneos;
				SWIFT_ACTIVE_COMPILATION_CONDITIONS = DEBUG;
				SWIFT_OPTIMIZATION_LEVEL = "-Onone";
			};
			name = Debug;
		};
		D092149B20126D8B00332C0D /* Release */ = {
			isa = XCBuildConfiguration;
			buildSettings = {
				ALWAYS_SEARCH_USER_PATHS = NO;
				CLANG_ANALYZER_NONNULL = YES;
				CLANG_ANALYZER_NUMBER_OBJECT_CONVERSION = YES_AGGRESSIVE;
				CLANG_CXX_LANGUAGE_STANDARD = "gnu++14";
				CLANG_CXX_LIBRARY = "libc++";
				CLANG_ENABLE_MODULES = YES;
				CLANG_ENABLE_OBJC_ARC = YES;
				CLANG_WARN_BLOCK_CAPTURE_AUTORELEASING = YES;
				CLANG_WARN_BOOL_CONVERSION = YES;
				CLANG_WARN_COMMA = YES;
				CLANG_WARN_CONSTANT_CONVERSION = YES;
				CLANG_WARN_DIRECT_OBJC_ISA_USAGE = YES_ERROR;
				CLANG_WARN_DOCUMENTATION_COMMENTS = YES;
				CLANG_WARN_EMPTY_BODY = YES;
				CLANG_WARN_ENUM_CONVERSION = YES;
				CLANG_WARN_INFINITE_RECURSION = YES;
				CLANG_WARN_INT_CONVERSION = YES;
				CLANG_WARN_NON_LITERAL_NULL_CONVERSION = YES;
				CLANG_WARN_OBJC_LITERAL_CONVERSION = YES;
				CLANG_WARN_OBJC_ROOT_CLASS = YES_ERROR;
				CLANG_WARN_RANGE_LOOP_ANALYSIS = YES;
				CLANG_WARN_STRICT_PROTOTYPES = YES;
				CLANG_WARN_SUSPICIOUS_MOVE = YES;
				CLANG_WARN_UNGUARDED_AVAILABILITY = YES_AGGRESSIVE;
				CLANG_WARN_UNREACHABLE_CODE = YES;
				CLANG_WARN__DUPLICATE_METHOD_MATCH = YES;
				CODE_SIGN_IDENTITY = "iPhone Developer";
				COPY_PHASE_STRIP = NO;
				DEBUG_INFORMATION_FORMAT = "dwarf-with-dsym";
				ENABLE_NS_ASSERTIONS = NO;
				ENABLE_STRICT_OBJC_MSGSEND = YES;
				GCC_C_LANGUAGE_STANDARD = gnu11;
				GCC_NO_COMMON_BLOCKS = YES;
				GCC_WARN_64_TO_32_BIT_CONVERSION = YES;
				GCC_WARN_ABOUT_RETURN_TYPE = YES_ERROR;
				GCC_WARN_UNDECLARED_SELECTOR = YES;
				GCC_WARN_UNINITIALIZED_AUTOS = YES_AGGRESSIVE;
				GCC_WARN_UNUSED_FUNCTION = YES;
				GCC_WARN_UNUSED_VARIABLE = YES;
				IPHONEOS_DEPLOYMENT_TARGET = 11.2;
				MTL_ENABLE_DEBUG_INFO = NO;
				SDKROOT = iphoneos;
				SWIFT_OPTIMIZATION_LEVEL = "-Owholemodule";
				VALIDATE_PRODUCT = YES;
			};
			name = Release;
		};
		D092149D20126D8B00332C0D /* Debug */ = {
			isa = XCBuildConfiguration;
			baseConfigurationReference = 6A624213B46454B947D054E4 /* Pods-Todoey.debug.xcconfig */;
			buildSettings = {
				ASSETCATALOG_COMPILER_APPICON_NAME = AppIcon;
				CODE_SIGN_STYLE = Automatic;
				INFOPLIST_FILE = Todoey/Info.plist;
				LD_RUNPATH_SEARCH_PATHS = "$(inherited) @executable_path/Frameworks";
				PRODUCT_BUNDLE_IDENTIFIER = com.app.Todoey;
				PRODUCT_NAME = "$(TARGET_NAME)";
				SWIFT_VERSION = 4.0;
				TARGETED_DEVICE_FAMILY = "1,2";
			};
			name = Debug;
		};
		D092149E20126D8B00332C0D /* Release */ = {
			isa = XCBuildConfiguration;
			baseConfigurationReference = 237CF7F0E1F0C32DB97A1942 /* Pods-Todoey.release.xcconfig */;
			buildSettings = {
				ASSETCATALOG_COMPILER_APPICON_NAME = AppIcon;
				CODE_SIGN_STYLE = Automatic;
				INFOPLIST_FILE = Todoey/Info.plist;
				LD_RUNPATH_SEARCH_PATHS = "$(inherited) @executable_path/Frameworks";
				PRODUCT_BUNDLE_IDENTIFIER = com.app.Todoey;
				PRODUCT_NAME = "$(TARGET_NAME)";
				SWIFT_VERSION = 4.0;
				TARGETED_DEVICE_FAMILY = "1,2";
			};
			name = Release;
		};
/* End XCBuildConfiguration section */

/* Begin XCConfigurationList section */
		D092148520126D8B00332C0D /* Build configuration list for PBXProject "Todoey" */ = {
			isa = XCConfigurationList;
			buildConfigurations = (
				D092149A20126D8B00332C0D /* Debug */,
				D092149B20126D8B00332C0D /* Release */,
			);
			defaultConfigurationIsVisible = 0;
			defaultConfigurationName = Release;
		};
		D092149C20126D8B00332C0D /* Build configuration list for PBXNativeTarget "Todoey" */ = {
			isa = XCConfigurationList;
			buildConfigurations = (
				D092149D20126D8B00332C0D /* Debug */,
				D092149E20126D8B00332C0D /* Release */,
			);
			defaultConfigurationIsVisible = 0;
			defaultConfigurationName = Release;
		};
/* End XCConfigurationList section */

/* Begin XCVersionGroup section */
		5942788A2022FB3D00E18B87 /* CoreDataTesting.xcdatamodeld */ = {
			isa = XCVersionGroup;
			children = (
				5942788B2022FB3D00E18B87 /* CoreDataTesting.xcdatamodel */,
			);
			currentVersion = 5942788B2022FB3D00E18B87 /* CoreDataTesting.xcdatamodel */;
			path = CoreDataTesting.xcdatamodeld;
			sourceTree = "<group>";
			versionGroupType = wrapper.xcdatamodel;
		};
/* End XCVersionGroup section */
	};
	rootObject = D092148220126D8B00332C0D /* Project object */;
}
